{
  "nodes": {
    "agenix": {
      "inputs": {
        "darwin": "darwin",
        "home-manager": "home-manager",
        "nixpkgs": [
          "nixpkgs"
        ],
        "systems": "systems"
      },
      "locked": {
        "lastModified": 1762618334,
        "narHash": "sha256-wyT7Pl6tMFbFrs8Lk/TlEs81N6L+VSybPfiIgzU8lbQ=",
        "owner": "ryantm",
        "repo": "agenix",
        "rev": "fcdea223397448d35d9b31f798479227e80183f6",
        "type": "github"
      },
      "original": {
        "owner": "ryantm",
        "repo": "agenix",
        "type": "github"
      }
    },
    "apple-fonts": {
      "inputs": {
        "nixpkgs": [
          "nixpkgs"
        ],
        "ny": "ny",
        "sf-arabic": "sf-arabic",
        "sf-armenian": "sf-armenian",
        "sf-compact": "sf-compact",
        "sf-georgian": "sf-georgian",
        "sf-hebrew": "sf-hebrew",
        "sf-mono": "sf-mono",
        "sf-pro": "sf-pro"
      },
      "locked": {
        "lastModified": 1758228441,
        "narHash": "sha256-3mA9oFuhJ1EHyhPd17g/EuJi4jDYPGhyxkEitdh3Kmc=",
        "owner": "Lyndeno",
        "repo": "apple-fonts.nix",
        "rev": "aba9944f6606a69ebedf7bfb723316139eec3f72",
        "type": "github"
      },
      "original": {
        "owner": "Lyndeno",
        "repo": "apple-fonts.nix",
        "type": "github"
      }
    },
    "crane": {
      "locked": {
        "lastModified": 1766774972,
        "narHash": "sha256-8qxEFpj4dVmIuPn9j9z6NTbU+hrcGjBOvaxTzre5HmM=",
        "owner": "ipetkov",
        "repo": "crane",
        "rev": "01bc1d404a51a0a07e9d8759cd50a7903e218c82",
        "type": "github"
      },
      "original": {
        "owner": "ipetkov",
        "repo": "crane",
        "type": "github"
      }
    },
    "darwin": {
      "inputs": {
        "nixpkgs": [
          "agenix",
          "nixpkgs"
        ]
      },
      "locked": {
        "lastModified": 1744478979,
        "narHash": "sha256-dyN+teG9G82G+m+PX/aSAagkC+vUv0SgUw3XkPhQodQ=",
        "owner": "lnl7",
        "repo": "nix-darwin",
        "rev": "43975d782b418ebf4969e9ccba82466728c2851b",
        "type": "github"
      },
      "original": {
        "owner": "lnl7",
        "ref": "master",
        "repo": "nix-darwin",
        "type": "github"
      }
    },
    "determinate": {
      "inputs": {
        "determinate-nixd-aarch64-darwin": "determinate-nixd-aarch64-darwin",
        "determinate-nixd-aarch64-linux": "determinate-nixd-aarch64-linux",
        "determinate-nixd-x86_64-linux": "determinate-nixd-x86_64-linux",
        "nix": "nix",
        "nixpkgs": "nixpkgs_2"
      },
      "locked": {
        "lastModified": 1766549083,
        "narHash": "sha256-G1Hljg7vIBt8n9cxO382YAZWtZU/mYfQcg3icdNG8RQ=",
        "rev": "ba8999fac986e70f52b4cba15047be7bbb7b6346",
        "revCount": 318,
        "type": "tarball",
        "url": "https://api.flakehub.com/f/pinned/DeterminateSystems/determinate/3.15.1/019b4e8a-dc22-75db-aef5-a447efbb1a13/source.tar.gz"
      },
      "original": {
        "type": "tarball",
        "url": "https://flakehub.com/f/DeterminateSystems/determinate/%2A"
      }
    },
    "determinate-nixd-aarch64-darwin": {
      "flake": false,
      "locked": {
        "narHash": "sha256-uWDS94cAYprGj+AwuT42nuuDDicRLj1S0JwalZGeBRU=",
        "type": "file",
        "url": "https://install.determinate.systems/determinate-nixd/tag/v3.15.1/macOS"
      },
      "original": {
        "type": "file",
        "url": "https://install.determinate.systems/determinate-nixd/tag/v3.15.1/macOS"
      }
    },
    "determinate-nixd-aarch64-linux": {
      "flake": false,
      "locked": {
        "narHash": "sha256-uHBcZCh2/Bj5/88TDihupA336tSQDk7s5lVP66IDAX0=",
        "type": "file",
        "url": "https://install.determinate.systems/determinate-nixd/tag/v3.15.1/aarch64-linux"
      },
      "original": {
        "type": "file",
        "url": "https://install.determinate.systems/determinate-nixd/tag/v3.15.1/aarch64-linux"
      }
    },
    "determinate-nixd-x86_64-linux": {
      "flake": false,
      "locked": {
        "narHash": "sha256-y+l05H6GNv/1WcrMztDYem8VBWqjc9gNg4WjeQ1PQxo=",
        "type": "file",
        "url": "https://install.determinate.systems/determinate-nixd/tag/v3.15.1/x86_64-linux"
      },
      "original": {
        "type": "file",
        "url": "https://install.determinate.systems/determinate-nixd/tag/v3.15.1/x86_64-linux"
      }
    },
    "flake-compat": {
      "flake": false,
      "locked": {
        "lastModified": 1696426674,
        "narHash": "sha256-kvjfFW7WAETZlt09AgDn1MrtKzP7t90Vf7vypd3OL1U=",
        "owner": "edolstra",
        "repo": "flake-compat",
        "rev": "0f9255e01c2351cc7d116c072cb317785dd33b33",
        "type": "github"
      },
      "original": {
        "owner": "edolstra",
        "repo": "flake-compat",
        "type": "github"
      }
    },
    "flake-compat_2": {
      "flake": false,
      "locked": {
        "lastModified": 1761588595,
        "narHash": "sha256-XKUZz9zewJNUj46b4AJdiRZJAvSZ0Dqj2BNfXvFlJC4=",
        "owner": "edolstra",
        "repo": "flake-compat",
        "rev": "f387cd2afec9419c8ee37694406ca490c3f34ee5",
        "type": "github"
      },
      "original": {
        "owner": "edolstra",
        "repo": "flake-compat",
        "type": "github"
      }
    },
    "flake-parts": {
      "inputs": {
        "nixpkgs-lib": [
          "determinate",
          "nix",
          "nixpkgs"
        ]
      },
      "locked": {
        "lastModified": 1748821116,
        "narHash": "sha256-F82+gS044J1APL0n4hH50GYdPRv/5JWm34oCJYmVKdE=",
        "rev": "49f0870db23e8c1ca0b5259734a02cd9e1e371a1",
        "revCount": 377,
        "type": "tarball",
        "url": "https://api.flakehub.com/f/pinned/hercules-ci/flake-parts/0.1.377%2Brev-49f0870db23e8c1ca0b5259734a02cd9e1e371a1/01972f28-554a-73f8-91f4-d488cc502f08/source.tar.gz"
      },
      "original": {
        "type": "tarball",
        "url": "https://flakehub.com/f/hercules-ci/flake-parts/0.1"
      }
    },
    "flake-parts_2": {
      "inputs": {
        "nixpkgs-lib": [
          "nixpkgs-lib"
        ]
      },
      "locked": {
        "lastModified": 1765835352,
        "narHash": "sha256-XswHlK/Qtjasvhd1nOa1e8MgZ8GS//jBoTqWtrS1Giw=",
        "owner": "hercules-ci",
        "repo": "flake-parts",
        "rev": "a34fae9c08a15ad73f295041fec82323541400a9",
        "type": "github"
      },
      "original": {
        "owner": "hercules-ci",
        "repo": "flake-parts",
        "type": "github"
      }
    },
    "git-hooks-nix": {
      "inputs": {
        "flake-compat": "flake-compat",
        "gitignore": [
          "determinate",
          "nix"
        ],
        "nixpkgs": [
          "determinate",
          "nix",
          "nixpkgs"
        ]
      },
      "locked": {
        "lastModified": 1747372754,
        "narHash": "sha256-2Y53NGIX2vxfie1rOW0Qb86vjRZ7ngizoo+bnXU9D9k=",
        "rev": "80479b6ec16fefd9c1db3ea13aeb038c60530f46",
        "revCount": 1026,
        "type": "tarball",
        "url": "https://api.flakehub.com/f/pinned/cachix/git-hooks.nix/0.1.1026%2Brev-80479b6ec16fefd9c1db3ea13aeb038c60530f46/0196d79a-1b35-7b8e-a021-c894fb62163d/source.tar.gz"
      },
      "original": {
        "type": "tarball",
        "url": "https://flakehub.com/f/cachix/git-hooks.nix/0.1.941"
      }
    },
    "gitignore": {
      "inputs": {
        "nixpkgs": [
          "lanzaboote",
          "pre-commit",
          "nixpkgs"
        ]
      },
      "locked": {
        "lastModified": 1709087332,
        "narHash": "sha256-HG2cCnktfHsKV0s4XW83gU3F57gaTljL9KNSuG6bnQs=",
        "owner": "hercules-ci",
        "repo": "gitignore.nix",
        "rev": "637db329424fd7e46cf4185293b9cc8c88c95394",
        "type": "github"
      },
      "original": {
        "owner": "hercules-ci",
        "repo": "gitignore.nix",
        "type": "github"
      }
    },
    "home-manager": {
      "inputs": {
        "nixpkgs": [
          "agenix",
          "nixpkgs"
        ]
      },
      "locked": {
        "lastModified": 1745494811,
        "narHash": "sha256-YZCh2o9Ua1n9uCvrvi5pRxtuVNml8X2a03qIFfRKpFs=",
        "owner": "nix-community",
        "repo": "home-manager",
        "rev": "abfad3d2958c9e6300a883bd443512c55dfeb1be",
        "type": "github"
      },
      "original": {
        "owner": "nix-community",
        "repo": "home-manager",
        "type": "github"
      }
    },
    "import-tree": {
      "locked": {
        "lastModified": 1763762820,
        "narHash": "sha256-ZvYKbFib3AEwiNMLsejb/CWs/OL/srFQ8AogkebEPF0=",
        "owner": "vic",
        "repo": "import-tree",
        "rev": "3c23749d8013ec6daa1d7255057590e9ca726646",
        "type": "github"
      },
      "original": {
        "owner": "vic",
        "repo": "import-tree",
        "type": "github"
      }
    },
    "lanzaboote": {
      "inputs": {
        "crane": "crane",
        "nixpkgs": [
          "nixpkgs"
        ],
        "pre-commit": "pre-commit",
        "rust-overlay": "rust-overlay"
      },
      "locked": {
        "lastModified": 1767013031,
        "narHash": "sha256-p8ANXBakAtfX/aEhLbU6w0tuQe3nrBvLdHbKirJP7ug=",
        "owner": "nix-community",
        "repo": "lanzaboote",
        "rev": "c2a82339373daee8cbbcad5f51f22ae6b71069e0",
        "type": "github"
      },
      "original": {
        "owner": "nix-community",
        "ref": "master",
        "repo": "lanzaboote",
        "type": "github"
      }
    },
    "nix": {
      "inputs": {
        "flake-parts": "flake-parts",
        "git-hooks-nix": "git-hooks-nix",
        "nixpkgs": "nixpkgs",
        "nixpkgs-23-11": "nixpkgs-23-11",
        "nixpkgs-regression": "nixpkgs-regression"
      },
      "locked": {
        "lastModified": 1766546676,
        "narHash": "sha256-GsC52VFF9Gi2pgP/haQyPdQoF5Qe2myk1tsPcuJZI28=",
        "rev": "51dacdd248e8071cd0243a8245c8c42ac1f33307",
        "revCount": 24299,
        "type": "tarball",
        "url": "https://api.flakehub.com/f/pinned/DeterminateSystems/nix-src/3.15.1/019b4e84-d036-75db-b6c6-6bc2e2035c53/source.tar.gz"
      },
      "original": {
        "type": "tarball",
        "url": "https://flakehub.com/f/DeterminateSystems/nix-src/%2A"
      }
    },
    "nixpkgs": {
      "locked": {
        "lastModified": 1761597516,
        "narHash": "sha256-wxX7u6D2rpkJLWkZ2E932SIvDJW8+ON/0Yy8+a5vsDU=",
        "rev": "daf6dc47aa4b44791372d6139ab7b25269184d55",
        "revCount": 811874,
        "type": "tarball",
        "url": "https://api.flakehub.com/f/pinned/NixOS/nixpkgs/0.2505.811874%2Brev-daf6dc47aa4b44791372d6139ab7b25269184d55/019a3494-3498-707e-9086-1fb81badc7fe/source.tar.gz"
      },
      "original": {
        "type": "tarball",
        "url": "https://flakehub.com/f/NixOS/nixpkgs/0.2505"
      }
    },
    "nixpkgs-23-11": {
      "locked": {
        "lastModified": 1717159533,
        "narHash": "sha256-oamiKNfr2MS6yH64rUn99mIZjc45nGJlj9eGth/3Xuw=",
        "owner": "NixOS",
        "repo": "nixpkgs",
        "rev": "a62e6edd6d5e1fa0329b8653c801147986f8d446",
        "type": "github"
      },
      "original": {
        "owner": "NixOS",
        "repo": "nixpkgs",
        "rev": "a62e6edd6d5e1fa0329b8653c801147986f8d446",
        "type": "github"
      }
    },
    "nixpkgs-regression": {
      "locked": {
        "lastModified": 1643052045,
        "narHash": "sha256-uGJ0VXIhWKGXxkeNnq4TvV3CIOkUJ3PAoLZ3HMzNVMw=",
        "owner": "NixOS",
        "repo": "nixpkgs",
        "rev": "215d4d0fd80ca5163643b03a33fde804a29cc1e2",
        "type": "github"
      },
      "original": {
        "owner": "NixOS",
        "repo": "nixpkgs",
        "rev": "215d4d0fd80ca5163643b03a33fde804a29cc1e2",
        "type": "github"
      }
    },
    "nixpkgs_2": {
      "locked": {
        "lastModified": 1766314097,
        "narHash": "sha256-laJftWbghBehazn/zxVJ8NdENVgjccsWAdAqKXhErrM=",
        "rev": "306ea70f9eb0fb4e040f8540e2deab32ed7e2055",
        "revCount": 914780,
        "type": "tarball",
        "url": "https://api.flakehub.com/f/pinned/DeterminateSystems/nixpkgs-weekly/0.1.914780%2Brev-306ea70f9eb0fb4e040f8540e2deab32ed7e2055/019b49b8-ed0f-724e-bdaf-5fd90cc1c590/source.tar.gz"
      },
      "original": {
        "type": "tarball",
        "url": "https://flakehub.com/f/DeterminateSystems/nixpkgs-weekly/0.1"
      }
    },
    "nixpkgs_3": {
      "locked": {
        "lastModified": 1767325753,
        "narHash": "sha256-yA/CuWyqm+AQo2ivGy6PlYrjZBQm7jfbe461+4HF2fo=",
        "rev": "64049ca74d63e971b627b5f3178d95642e61cedd",
        "revCount": 904891,
        "type": "tarball",
        "url": "https://api.flakehub.com/f/pinned/NixOS/nixpkgs/0.2511.904891%2Brev-64049ca74d63e971b627b5f3178d95642e61cedd/019b7fca-52c9-7721-903e-c22829d2c565/source.tar.gz"
      },
      "original": {
        "type": "tarball",
        "url": "https://flakehub.com/f/NixOS/nixpkgs/0"
      }
    },
    "ny": {
      "flake": false,
      "locked": {
        "narHash": "sha256-3257NAH4qlan2YHVLpNRy7x8IJqR2pal3OzFo/ykqXs=",
        "type": "file",
        "url": "https://devimages-cdn.apple.com/design/resources/download/NY.dmg"
      },
      "original": {
        "type": "file",
        "url": "https://devimages-cdn.apple.com/design/resources/download/NY.dmg"
      }
    },
    "pre-commit": {
      "inputs": {
        "flake-compat": "flake-compat_2",
        "gitignore": "gitignore",
        "nixpkgs": [
          "lanzaboote",
          "nixpkgs"
        ]
      },
      "locked": {
        "lastModified": 1765911976,
        "narHash": "sha256-t3T/xm8zstHRLx+pIHxVpQTiySbKqcQbK+r+01XVKc0=",
        "owner": "cachix",
        "repo": "pre-commit-hooks.nix",
        "rev": "b68b780b69702a090c8bb1b973bab13756cc7a27",
        "type": "github"
      },
      "original": {
        "owner": "cachix",
        "repo": "pre-commit-hooks.nix",
        "type": "github"
      }
    },
    "root": {
      "inputs": {
        "agenix": "agenix",
        "apple-fonts": "apple-fonts",
        "determinate": "determinate",
        "flake-parts": "flake-parts_2",
        "import-tree": "import-tree",
        "lanzaboote": "lanzaboote",
        "nixpkgs": "nixpkgs_3",
        "nixpkgs-lib": [
          "nixpkgs"
        ]
      }
    },
    "rust-overlay": {
      "inputs": {
        "nixpkgs": [
          "lanzaboote",
          "nixpkgs"
        ]
      },
      "locked": {
        "lastModified": 1766976750,
        "narHash": "sha256-w+o3AIBI56tzfMJRqRXg9tSXnpQRN5hAT15o2t9rxYw=",
        "owner": "oxalica",
        "repo": "rust-overlay",
        "rev": "9fe44e7f05b734a64a01f92fc51ad064fb0a884f",
        "type": "github"
      },
      "original": {
        "owner": "oxalica",
        "repo": "rust-overlay",
        "type": "github"
      }
    },
    "sf-arabic": {
      "flake": false,
      "locked": {
        "narHash": "sha256-/0gjRimqvZyE60xYxxPdlU+7Q2LJnnvtbmwOP0YmS9U=",
        "type": "file",
        "url": "https://devimages-cdn.apple.com/design/resources/download/SF-Arabic.dmg"
      },
      "original": {
        "type": "file",
        "url": "https://devimages-cdn.apple.com/design/resources/download/SF-Arabic.dmg"
      }
    },
    "sf-armenian": {
      "flake": false,
      "locked": {
        "narHash": "sha256-rRoDkbNMYkzOHZmQm96Zv80TZvRlAeoxkv4pMHP5nUg=",
        "type": "file",
        "url": "https://devimages-cdn.apple.com/design/resources/download/SF-Armenian.dmg"
      },
      "original": {
        "type": "file",
        "url": "https://devimages-cdn.apple.com/design/resources/download/SF-Armenian.dmg"
      }
    },
    "sf-compact": {
      "flake": false,
      "locked": {
        "narHash": "sha256-WeqT80cdK/XzTLSaJs5DHodzxoeAzwL/xTgdq0YwQbM=",
        "type": "file",
        "url": "https://devimages-cdn.apple.com/design/resources/download/SF-Compact.dmg"
      },
      "original": {
        "type": "file",
        "url": "https://devimages-cdn.apple.com/design/resources/download/SF-Compact.dmg"
      }
    },
    "sf-georgian": {
      "flake": false,
      "locked": {
        "narHash": "sha256-IevVNOC28IiR45YfI3PsZzXLMRxuB5u7UiE53Zn6tRU=",
        "type": "file",
        "url": "https://devimages-cdn.apple.com/design/resources/download/SF-Georgian.dmg"
      },
      "original": {
        "type": "file",
        "url": "https://devimages-cdn.apple.com/design/resources/download/SF-Georgian.dmg"
      }
    },
    "sf-hebrew": {
      "flake": false,
      "locked": {
        "narHash": "sha256-Dw84kYwMpCtKKKqm8cZcQ9TZ7GayU5MO7W0LJw0Rcwk=",
        "type": "file",
        "url": "https://devimages-cdn.apple.com/design/resources/download/SF-Hebrew.dmg"
      },
      "original": {
        "type": "file",
        "url": "https://devimages-cdn.apple.com/design/resources/download/SF-Hebrew.dmg"
      }
    },
    "sf-mono": {
      "flake": false,
      "locked": {
        "narHash": "sha256-ICdHRFdNL7PM/fXJUzS7LgZxZiqcyIuCMHLze4En4vg=",
        "type": "file",
        "url": "https://devimages-cdn.apple.com/design/resources/download/SF-Mono.dmg"
      },
      "original": {
        "type": "file",
        "url": "https://devimages-cdn.apple.com/design/resources/download/SF-Mono.dmg"
      }
    },
    "sf-pro": {
      "flake": false,
      "locked": {
        "narHash": "sha256-vprahHpCUf9O8RualBrEuLEfuLfzI/2d8AQmwlCGPPk=",
        "type": "file",
        "url": "https://devimages-cdn.apple.com/design/resources/download/SF-Pro.dmg"
      },
      "original": {
        "type": "file",
        "url": "https://devimages-cdn.apple.com/design/resources/download/SF-Pro.dmg"
      }
    },
    "systems": {
      "locked": {
        "lastModified": 1681028828,
        "narHash": "sha256-Vy1rq5AaRuLzOxct8nz4T6wlgyUR7zLU309k9mBC768=",
        "owner": "nix-systems",
        "repo": "default",
        "rev": "da67096a3b9bf56a91d16901293e51ba5b49a27e",
        "type": "github"
      },
      "original": {
        "owner": "nix-systems",
        "repo": "default",
        "type": "github"
      }
    }
  },
  "root": "root",
  "version": 7
}
